Microsoft Visual Studio Solution File, Format Version 12.00
# Visual Studio 15
VisualStudioVersion = 15.0.27004.2002
MinimumVisualStudioVersion = 10.0.40219.1
Project("{FAE04EC0-301F-11D3-BF4B-00C04F79EFBC}") = "dona.Droid", "Droid\dona.Droid.csproj", "{3FED24AC-A85A-4087-B0B3-75FC23E34047}"
EndProject
Project("{FAE04EC0-301F-11D3-BF4B-00C04F79EFBC}") = "dona.Forms", "Portable\dona.Forms.csproj", "{9A5FD610-94D6-45ED-98F3-74E7115C5259}"
EndProject
Global
	GlobalSection(SolutionConfigurationPlatforms) = preSolution
		Debug|Any CPU = Debug|Any CPU
		Debug|iPhone = Debug|iPhone
		Debug|iPhoneSimulator = Debug|iPhoneSimulator
		Release|Any CPU = Release|Any CPU
		Release|iPhone = Release|iPhone
		Release|iPhoneSimulator = Release|iPhoneSimulator
	EndGlobalSection
	GlobalSection(ProjectConfigurationPlatforms) = postSolution
		{3FED24AC-A85A-4087-B0B3-75FC23E34047}.Debug|Any CPU.ActiveCfg = Debug|Any CPU
		{3FED24AC-A85A-4087-B0B3-75FC23E34047}.Debug|Any CPU.Build.0 = Debug|Any CPU
		{3FED24AC-A85A-4087-B0B3-75FC23E34047}.Debug|Any CPU.Deploy.0 = Debug|Any CPU
		{3FED24AC-A85A-4087-B0B3-75FC23E34047}.Debug|iPhone.ActiveCfg = Debug|Any CPU
		{3FED24AC-A85A-4087-B0B3-75FC23E34047}.Debug|iPhone.Build.0 = Debug|Any CPU
		{3FED24AC-A85A-4087-B0B3-75FC23E34047}.Debug|iPhoneSimulator.ActiveCfg = Debug|Any CPU
		{3FED24AC-A85A-4087-B0B3-75FC23E34047}.Debug|iPhoneSimulator.Build.0 = Debug|Any CPU
		{3FED24AC-A85A-4087-B0B3-75FC23E34047}.Release|Any CPU.ActiveCfg = Release|Any CPU
		{3FED24AC-A85A-4087-B0B3-75FC23E34047}.Release|Any CPU.Build.0 = Release|Any CPU
		{3FED24AC-A85A-4087-B0B3-75FC23E34047}.Release|iPhone.ActiveCfg = Release|Any CPU
		{3FED24AC-A85A-4087-B0B3-75FC23E34047}.Release|iPhone.Build.0 = Release|Any CPU
		{3FED24AC-A85A-4087-B0B3-75FC23E34047}.Release|iPhoneSimulator.ActiveCfg = Release|Any CPU
		{3FED24AC-A85A-4087-B0B3-75FC23E34047}.Release|iPhoneSimulator.Build.0 = Release|Any CPU
		{9A5FD610-94D6-45ED-98F3-74E7115C5259}.Debug|Any CPU.ActiveCfg = Debug|Any CPU
		{9A5FD610-94D6-45ED-98F3-74E7115C5259}.Debug|Any CPU.Build.0 = Debug|Any CPU
		{9A5FD610-94D6-45ED-98F3-74E7115C5259}.Debug|iPhone.ActiveCfg = Debug|Any CPU
		{9A5FD610-94D6-45ED-98F3-74E7115C5259}.Debug|iPhone.Build.0 = Debug|Any CPU
		{9A5FD610-94D6-45ED-98F3-74E7115C5259}.Debug|iPhoneSimulator.ActiveCfg = Debug|Any CPU
		{9A5FD610-94D6-45ED-98F3-74E7115C5259}.Debug|iPhoneSimulator.Build.0 = Debug|Any CPU
		{9A5FD610-94D6-45ED-98F3-74E7115C5259}.Release|Any CPU.ActiveCfg = Release|Any CPU
		{9A5FD610-94D6-45ED-98F3-74E7115C5259}.Release|Any CPU.Build.0 = Release|Any CPU
		{9A5FD610-94D6-45ED-98F3-74E7115C5259}.Release|iPhone.ActiveCfg = Release|Any CPU
		{9A5FD610-94D6-45ED-98F3-74E7115C5259}.Release|iPhone.Build.0 = Release|Any CPU
		{9A5FD610-94D6-45ED-98F3-74E7115C5259}.Release|iPhoneSimulator.ActiveCfg = Release|Any CPU
		{9A5FD610-94D6-45ED-98F3-74E7115C5259}.Release|iPhoneSimulator.Build.0 = Release|Any CPU
	EndGlobalSection
	GlobalSection(SolutionProperties) = preSolution
		HideSolutionNode = FALSE
	EndGlobalSection
	GlobalSection(ExtensibilityGlobals) = postSolution
		SolutionGuid = {90273CA6-9EA6-4539-B2B2-91B2E726ED2C}
	EndGlobalSection
EndGlobal
